
Microsoft Visual Studio Solution File, Format Version 12.00
# Visual Studio Version 17
VisualStudioVersion = 17.13.35806.99 d17.13
MinimumVisualStudioVersion = 10.0.40219.1
Project("{FAE04EC0-301F-11D3-BF4B-00C04F79EFBC}") = "ColdEmailSender_Man3", "ColdEmailSender_Man3.csproj", "{20A2B571-648D-4CCF-A0B0-758936DB127E}"
EndProject
Global
	GlobalSection(SolutionConfigurationPlatforms) = preSolution
		Debug|Any CPU = Debug|Any CPU
		Release|Any CPU = Release|Any CPU
	EndGlobalSection
	GlobalSection(ProjectConfigurationPlatforms) = postSolution
		{20A2B571-648D-4CCF-A0B0-758936DB127E}.Debug|Any CPU.ActiveCfg = Release|Any CPU
		{20A2B571-648D-4CCF-A0B0-758936DB127E}.Debug|Any CPU.Build.0 = Release|Any CPU
		{20A2B571-648D-4CCF-A0B0-758936DB127E}.Debug|Any CPU.Deploy.0 = Release|Any CPU
		{20A2B571-648D-4CCF-A0B0-758936DB127E}.Release|Any CPU.ActiveCfg = Release|Any CPU
		{20A2B571-648D-4CCF-A0B0-758936DB127E}.Release|Any CPU.Build.0 = Release|Any CPU
		{20A2B571-648D-4CCF-A0B0-758936DB127E}.Release|Any CPU.Deploy.0 = Release|Any CPU
	EndGlobalSection
	GlobalSection(SolutionProperties) = preSolution
		HideSolutionNode = FALSE
	EndGlobalSection
	GlobalSection(ExtensibilityGlobals) = postSolution
		SolutionGuid = {36688682-B8F8-4B8A-8EFB-BFAAAF512B16}
	EndGlobalSection
EndGlobal
